
Microsoft Visual Studio Solution File, Format Version 12.00
# Visual Studio Version 16
VisualStudioVersion = 16.0.32929.386
MinimumVisualStudioVersion = 10.0.40219.1
Project("{FAE04EC0-301F-11D3-BF4B-00C04F79EFBC}") = "Lab 5.5", "Lab 5.5\Lab 5.5.csproj", "{EFAE9D49-189C-4FD5-830A-5113230896DB}"
EndProject
Global
	GlobalSection(SolutionConfigurationPlatforms) = preSolution
		Debug|Any CPU = Debug|Any CPU
		Release|Any CPU = Release|Any CPU
	EndGlobalSection
	GlobalSection(ProjectConfigurationPlatforms) = postSolution
		{EFAE9D49-189C-4FD5-830A-5113230896DB}.Debug|Any CPU.ActiveCfg = Debug|Any CPU
		{EFAE9D49-189C-4FD5-830A-5113230896DB}.Debug|Any CPU.Build.0 = Debug|Any CPU
		{EFAE9D49-189C-4FD5-830A-5113230896DB}.Release|Any CPU.ActiveCfg = Release|Any CPU
		{EFAE9D49-189C-4FD5-830A-5113230896DB}.Release|Any CPU.Build.0 = Release|Any CPU
	EndGlobalSection
	GlobalSection(SolutionProperties) = preSolution
		HideSolutionNode = FALSE
	EndGlobalSection
	GlobalSection(ExtensibilityGlobals) = postSolution
		SolutionGuid = {C03A5613-1A8B-46B8-ABD6-9323E26341ED}
	EndGlobalSection
EndGlobal
